{
  "version": 4,
  "terraform_version": "0.13.0",
  "serial": 7,
  "lineage": "5fbe5760-1005-87cd-100c-3fd52327f775",
  "outputs": {
    "kubernetes_cluster_name": {
      "value": "macro-tributary-286518-gke",
      "type": "string"
    },
    "region": {
      "value": "us-east1",
      "type": "string"
    }
  },
  "resources": [
    {
      "mode": "managed",
      "type": "google_compute_network",
      "name": "vpc",
      "provider": "provider[\"registry.terraform.io/hashicorp/google\"]",
      "instances": [
        {
          "schema_version": 0,
          "attributes": {
            "auto_create_subnetworks": false,
            "delete_default_routes_on_create": false,
            "description": "",
            "gateway_ipv4": "",
            "id": "projects/macro-tributary-286518/global/networks/macro-tributary-286518-vpc",
            "ipv4_range": null,
            "name": "macro-tributary-286518-vpc",
            "project": "macro-tributary-286518",
            "routing_mode": "REGIONAL",
            "self_link": "https://www.googleapis.com/compute/v1/projects/macro-tributary-286518/global/networks/macro-tributary-286518-vpc",
            "timeouts": null
          },
          "private": "eyJlMmJmYjczMC1lY2FhLTExZTYtOGY4OC0zNDM2M2JjN2M0YzAiOnsiY3JlYXRlIjoyNDAwMDAwMDAwMDAsImRlbGV0ZSI6MjQwMDAwMDAwMDAwLCJ1cGRhdGUiOjI0MDAwMDAwMDAwMH19"
        }
      ]
    },
    {
      "mode": "managed",
      "type": "google_compute_subnetwork",
      "name": "subnet",
      "provider": "provider[\"registry.terraform.io/hashicorp/google\"]",
      "instances": [
        {
          "schema_version": 0,
          "attributes": {
            "creation_timestamp": "2020-08-15T21:58:52.176-07:00",
            "description": "",
            "enable_flow_logs": null,
            "fingerprint": null,
            "gateway_address": "10.10.0.1",
            "id": "projects/macro-tributary-286518/regions/us-east1/subnetworks/macro-tributary-286518-subnet",
            "ip_cidr_range": "10.10.0.0/24",
            "log_config": [],
            "name": "macro-tributary-286518-subnet",
            "network": "https://www.googleapis.com/compute/v1/projects/macro-tributary-286518/global/networks/macro-tributary-286518-vpc",
            "private_ip_google_access": false,
            "project": "macro-tributary-286518",
            "region": "us-east1",
            "secondary_ip_range": [],
            "self_link": "https://www.googleapis.com/compute/v1/projects/macro-tributary-286518/regions/us-east1/subnetworks/macro-tributary-286518-subnet",
            "timeouts": null
          },
          "private": "eyJlMmJmYjczMC1lY2FhLTExZTYtOGY4OC0zNDM2M2JjN2M0YzAiOnsiY3JlYXRlIjozNjAwMDAwMDAwMDAsImRlbGV0ZSI6MzYwMDAwMDAwMDAwLCJ1cGRhdGUiOjM2MDAwMDAwMDAwMH19",
          "dependencies": [
            "google_compute_network.vpc"
          ]
        }
      ]
    },
    {
      "mode": "managed",
      "type": "google_container_cluster",
      "name": "primary",
      "provider": "provider[\"registry.terraform.io/hashicorp/google\"]",
      "instances": [
        {
          "schema_version": 1,
          "attributes": {
            "additional_zones": [],
            "addons_config": [
              {
                "cloudrun_config": [],
                "horizontal_pod_autoscaling": [],
                "http_load_balancing": [],
                "kubernetes_dashboard": [],
                "network_policy_config": [
                  {
                    "disabled": true
                  }
                ]
              }
            ],
            "authenticator_groups_config": [],
            "cluster_autoscaling": [
              {
                "auto_provisioning_defaults": [],
                "enabled": false,
                "resource_limits": []
              }
            ],
            "cluster_ipv4_cidr": "10.0.0.0/14",
            "database_encryption": [
              {
                "key_name": "",
                "state": "DECRYPTED"
              }
            ],
            "default_max_pods_per_node": null,
            "description": "",
            "enable_binary_authorization": false,
            "enable_intranode_visibility": null,
            "enable_kubernetes_alpha": false,
            "enable_legacy_abac": false,
            "enable_shielded_nodes": false,
            "enable_tpu": null,
            "endpoint": "35.185.108.102",
            "id": "projects/macro-tributary-286518/locations/us-east1/clusters/macro-tributary-286518-gke",
            "initial_node_count": 1,
            "instance_group_urls": [],
            "ip_allocation_policy": [],
            "label_fingerprint": "a9dc16a7",
            "location": "us-east1",
            "logging_service": "logging.googleapis.com/kubernetes",
            "maintenance_policy": [],
            "master_auth": [
              {
                "client_certificate": "",
                "client_certificate_config": [
                  {
                    "issue_client_certificate": false
                  }
                ],
                "client_key": "",
                "cluster_ca_certificate": "LS0tLS1CRUdJTiBDRVJUSUZJQ0FURS0tLS0tCk1JSURLakNDQWhLZ0F3SUJBZ0lRZkxUOC9CU2JuZ2RnSXN1dVY0alNKVEFOQmdrcWhraUc5dzBCQVFzRkFEQXYKTVMwd0t3WURWUVFERXlRMlpXVXpNemd5WXkxa05tRm1MVFJrTVRBdFlqZGxOUzFsTURkalpHWTFPR0pqTkRRdwpIaGNOTWpBd09ERTJNRE0xT1RFMFdoY05NalV3T0RFMU1EUTFPVEUwV2pBdk1TMHdLd1lEVlFRREV5UTJaV1V6Ck16Z3lZeTFrTm1GbUxUUmtNVEF0WWpkbE5TMWxNRGRqWkdZMU9HSmpORFF3Z2dFaU1BMEdDU3FHU0liM0RRRUIKQVFVQUE0SUJEd0F3Z2dFS0FvSUJBUUNvcG5sMEU0bUdETWIxUEFGZ3hJK0ZEN1doR3VVUmZHbnBIQjY3SHNGcwpvNytPU1lpS0FFVzE0UFU1STRrTCtXeXI5V29zMm9oN1BHMm9BVFZqTVNFV3EwcU1vWmZidmQyR0s1bW8xaTFRCjNpVkRQR3ZEZ3cvVTV6NTBTZ1FSVmlRVzQwL3VhUzJtRHJrNG9hZXVOZUZDSjJNWm5yWFloUWhCK0dzc2JOTWEKcnBsNS83MFp4YnQ3dGlBd2h6TE5acFNyYmdDUjlaSjNYVVFoUkFaNnRmQU9oLzUvbWNIL1pqdlRjbzAzR2UyaQpwMXpHU0VLVkZuLzlaQ0gzZTlzaVBtcit0K3VZM2kxVk5NeXhqSkUzZEFkM1FJcEpqWG1oL1A3YktUc3BIejFICmRuRzRuNFBLaWYvUmVkNWJwQUlUUWNKaSs2NnpRUmdHem0rYk5rRERzaUZWQWdNQkFBR2pRakJBTUE0R0ExVWQKRHdFQi93UUVBd0lDQkRBUEJnTlZIUk1CQWY4RUJUQURBUUgvTUIwR0ExVWREZ1FXQkJTSWlQWno5U3JjQms3ZgpIcFNXWExGUFVjZ2k0akFOQmdrcWhraUc5dzBCQVFzRkFBT0NBUUVBWFc0dnhMaDNBQURkaGJvYWszbzN6cERYCkhYZCt6YUJ0MFNwUmIwanFwVHdGWG9YMU9qK2JnVmora3RyMnkwRlgvVWM4SDFUMTY0UnZSSWVjTDBORFVUd3oKcTRUemRpcXVHS2dYZkRPZDQ5WHl6TUtvN1FkZkpqQkt4R2dNbzMwMUtHWGFySjhIRWFHaXpDUmJwQUpzRDlHMQpNdDBqMEdrRWtiZlRlaGdHRFc5ZEFOM3VwVWwvblh0enBhOG1sQnFFdzNsaXp2N240TC9wOUNuZkFlaDY1SWdnCm1EWS90SFRlZDYyQWxtTEZkM1lTOVNUcWFQbUZ1YXdCS05IVXNDdmk2VFRhYW9tN2w4c3NnT29YOW0yZUNUM3EKZlJGRDJNSENVdVdhSnljS2UwU2Y4bXVCTTdGUDhpMHFsOXl2aytFeS9hU2FCWjZ4NmI5MkpJS3JzcU5ia3c9PQotLS0tLUVORCBDRVJUSUZJQ0FURS0tLS0tCg==",
                "password": "",
                "username": ""
              }
            ],
            "master_authorized_networks_config": [],
            "master_version": "1.16.13-gke.1",
            "min_master_version": "1.16",
            "monitoring_service": "monitoring.googleapis.com/kubernetes",
            "name": "macro-tributary-286518-gke",
            "network": "projects/macro-tributary-286518/global/networks/macro-tributary-286518-vpc",
            "network_policy": [
              {
                "enabled": false,
                "provider": "PROVIDER_UNSPECIFIED"
              }
            ],
            "node_config": [],
            "node_locations": [
              "us-east1-b",
              "us-east1-c",
              "us-east1-d"
            ],
            "node_pool": [],
            "node_version": "1.16.13-gke.1",
            "operation": null,
            "pod_security_policy_config": null,
            "private_cluster_config": [],
            "project": "macro-tributary-286518",
            "region": null,
            "remove_default_node_pool": true,
            "resource_labels": null,
            "resource_usage_export_config": [],
            "services_ipv4_cidr": "10.3.240.0/20",
            "subnetwork": "projects/macro-tributary-286518/regions/us-east1/subnetworks/macro-tributary-286518-subnet",
            "timeouts": null,
            "vertical_pod_autoscaling": [],
            "workload_identity_config": [],
            "zone": null
          },
          "private": "eyJlMmJmYjczMC1lY2FhLTExZTYtOGY4OC0zNDM2M2JjN2M0YzAiOnsiY3JlYXRlIjoyNDAwMDAwMDAwMDAwLCJkZWxldGUiOjI0MDAwMDAwMDAwMDAsInJlYWQiOjI0MDAwMDAwMDAwMDAsInVwZGF0ZSI6MzYwMDAwMDAwMDAwMH0sInNjaGVtYV92ZXJzaW9uIjoiMSJ9",
          "dependencies": [
            "google_compute_network.vpc",
            "google_compute_subnetwork.subnet"
          ]
        }
      ]
    },
    {
      "mode": "managed",
      "type": "google_container_node_pool",
      "name": "primary_preemptible_nodes",
      "provider": "provider[\"registry.terraform.io/hashicorp/google\"]",
      "instances": [
        {
          "schema_version": 1,
          "attributes": {
            "autoscaling": [
              {
                "max_node_count": 3,
                "min_node_count": 1
              }
            ],
            "cluster": "macro-tributary-286518-gke",
            "id": "projects/macro-tributary-286518/locations/us-east1/clusters/macro-tributary-286518-gke/nodePools/macro-tributary-286518-gke-node-pool",
            "initial_node_count": 1,
            "instance_group_urls": [
              "https://www.googleapis.com/compute/v1/projects/macro-tributary-286518/zones/us-east1-b/instanceGroupManagers/gke-macro-tributary--macro-tributary--b408ae4c-grp",
              "https://www.googleapis.com/compute/v1/projects/macro-tributary-286518/zones/us-east1-c/instanceGroupManagers/gke-macro-tributary--macro-tributary--24ef4323-grp",
              "https://www.googleapis.com/compute/v1/projects/macro-tributary-286518/zones/us-east1-d/instanceGroupManagers/gke-macro-tributary--macro-tributary--6b00ba52-grp"
            ],
            "location": "us-east1",
            "management": [
              {
                "auto_repair": true,
                "auto_upgrade": true
              }
            ],
            "max_pods_per_node": null,
            "name": "macro-tributary-286518-gke-node-pool",
            "name_prefix": "",
            "node_config": [
              {
                "disk_size_gb": 100,
                "disk_type": "pd-standard",
                "guest_accelerator": [],
                "image_type": "COS",
                "labels": {
                  "env": "macro-tributary-286518"
                },
                "local_ssd_count": 0,
                "machine_type": "n1-standard-1",
                "metadata": {
                  "disable-legacy-endpoints": "true"
                },
                "min_cpu_platform": "",
                "oauth_scopes": [
                  "https://www.googleapis.com/auth/logging.write",
                  "https://www.googleapis.com/auth/monitoring"
                ],
                "preemptible": true,
                "sandbox_config": [],
                "service_account": "default",
                "shielded_instance_config": [
                  {
                    "enable_integrity_monitoring": true,
                    "enable_secure_boot": false
                  }
                ],
                "tags": [
                  "gke-node",
                  "macro-tributary-286518-gke"
                ],
                "taint": [],
                "workload_metadata_config": []
              }
            ],
            "node_count": 1,
            "node_locations": [
              "us-east1-b",
              "us-east1-c",
              "us-east1-d"
            ],
            "project": "macro-tributary-286518",
            "region": null,
            "timeouts": null,
            "upgrade_settings": [
              {
                "max_surge": 1,
                "max_unavailable": 0
              }
            ],
            "version": "1.16.13-gke.1",
            "zone": null
          },
          "private": "eyJlMmJmYjczMC1lY2FhLTExZTYtOGY4OC0zNDM2M2JjN2M0YzAiOnsiY3JlYXRlIjoxODAwMDAwMDAwMDAwLCJkZWxldGUiOjE4MDAwMDAwMDAwMDAsInVwZGF0ZSI6MTgwMDAwMDAwMDAwMH0sInNjaGVtYV92ZXJzaW9uIjoiMSJ9",
          "dependencies": [
            "google_compute_network.vpc",
            "google_compute_subnetwork.subnet",
            "google_container_cluster.primary"
          ]
        }
      ]
    }
  ]
}
